
Microsoft Visual Studio Solution File, Format Version 12.00
# Visual Studio Version 17
VisualStudioVersion = 17.3.32929.385
MinimumVisualStudioVersion = 10.0.40219.1
Project("{FAE04EC0-301F-11D3-BF4B-00C04F79EFBC}") = "ConsoleApp1", "ConsoleApp1\ConsoleApp1.csproj", "{AA1A6D61-3AB4-44A7-8983-9CDDCBAB3A61}"
EndProject
Project("{FAE04EC0-301F-11D3-BF4B-00C04F79EFBC}") = "UnitTestProject1", "UnitTestProject1\UnitTestProject1.csproj", "{57886F56-E09C-4E42-B7B8-26CD94157397}"
EndProject
Global
	GlobalSection(SolutionConfigurationPlatforms) = preSolution
		Debug|Any CPU = Debug|Any CPU
		Release|Any CPU = Release|Any CPU
	EndGlobalSection
	GlobalSection(ProjectConfigurationPlatforms) = postSolution
		{AA1A6D61-3AB4-44A7-8983-9CDDCBAB3A61}.Debug|Any CPU.ActiveCfg = Debug|Any CPU
		{AA1A6D61-3AB4-44A7-8983-9CDDCBAB3A61}.Debug|Any CPU.Build.0 = Debug|Any CPU
		{AA1A6D61-3AB4-44A7-8983-9CDDCBAB3A61}.Release|Any CPU.ActiveCfg = Release|Any CPU
		{AA1A6D61-3AB4-44A7-8983-9CDDCBAB3A61}.Release|Any CPU.Build.0 = Release|Any CPU
		{57886F56-E09C-4E42-B7B8-26CD94157397}.Debug|Any CPU.ActiveCfg = Debug|Any CPU
		{57886F56-E09C-4E42-B7B8-26CD94157397}.Debug|Any CPU.Build.0 = Debug|Any CPU
		{57886F56-E09C-4E42-B7B8-26CD94157397}.Release|Any CPU.ActiveCfg = Release|Any CPU
		{57886F56-E09C-4E42-B7B8-26CD94157397}.Release|Any CPU.Build.0 = Release|Any CPU
	EndGlobalSection
	GlobalSection(SolutionProperties) = preSolution
		HideSolutionNode = FALSE
	EndGlobalSection
	GlobalSection(ExtensibilityGlobals) = postSolution
		SolutionGuid = {23D3C3F1-F4EA-42FA-A327-DDF15D73C82C}
	EndGlobalSection
EndGlobal
